// !$*UTF8*$!
{
	archiveVersion = 1;
	classes = {
	};
	objectVersion = 55;
	objects = {

/* Begin PBXBuildFile section */
		B4BF3D7D277A024D003285E6 /* AlertPopupsUsingPackageApp.swift in Sources */ = {isa = PBXBuildFile; fileRef = B4BF3D7C277A024D003285E6 /* AlertPopupsUsingPackageApp.swift */; };
		B4BF3D7F277A024D003285E6 /* ContentView.swift in Sources */ = {isa = PBXBuildFile; fileRef = B4BF3D7E277A024D003285E6 /* ContentView.swift */; };
		B4BF3D81277A024E003285E6 /* Assets.xcassets in Resources */ = {isa = PBXBuildFile; fileRef = B4BF3D80277A024E003285E6 /* Assets.xcassets */; };
		B4BF3D84277A024E003285E6 /* Preview Assets.xcassets in Resources */ = {isa = PBXBuildFile; fileRef = B4BF3D83277A024E003285E6 /* Preview Assets.xcassets */; };
		B4BF3D8E277A024F003285E6 /* AlertPopupsUsingPackageTests.swift in Sources */ = {isa = PBXBuildFile; fileRef = B4BF3D8D277A024F003285E6 /* AlertPopupsUsingPackageTests.swift */; };
		B4BF3D98277A024F003285E6 /* AlertPopupsUsingPackageUITests.swift in Sources */ = {isa = PBXBuildFile; fileRef = B4BF3D97277A024F003285E6 /* AlertPopupsUsingPackageUITests.swift */; };
		B4BF3D9A277A024F003285E6 /* AlertPopupsUsingPackageUITestsLaunchTests.swift in Sources */ = {isa = PBXBuildFile; fileRef = B4BF3D99277A024F003285E6 /* AlertPopupsUsingPackageUITestsLaunchTests.swift */; };
/* End PBXBuildFile section */

/* Begin PBXContainerItemProxy section */
		B4BF3D8A277A024F003285E6 /* PBXContainerItemProxy */ = {
			isa = PBXContainerItemProxy;
			containerPortal = B4BF3D71277A024D003285E6 /* Project object */;
			proxyType = 1;
			remoteGlobalIDString = B4BF3D78277A024D003285E6;
			remoteInfo = AlertPopupsUsingPackage;
		};
		B4BF3D94277A024F003285E6 /* PBXContainerItemProxy */ = {
			isa = PBXContainerItemProxy;
			containerPortal = B4BF3D71277A024D003285E6 /* Project object */;
			proxyType = 1;
			remoteGlobalIDString = B4BF3D78277A024D003285E6;
			remoteInfo = AlertPopupsUsingPackage;
		};
/* End PBXContainerItemProxy section */

/* Begin PBXFileReference section */
		B4BF3D79277A024D003285E6 /* AlertPopupsUsingPackage.app */ = {isa = PBXFileReference; explicitFileType = wrapper.application; includeInIndex = 0; path = AlertPopupsUsingPackage.app; sourceTree = BUILT_PRODUCTS_DIR; };
		B4BF3D7C277A024D003285E6 /* AlertPopupsUsingPackageApp.swift */ = {isa = PBXFileReference; lastKnownFileType = sourcecode.swift; path = AlertPopupsUsingPackageApp.swift; sourceTree = "<group>"; };
		B4BF3D7E277A024D003285E6 /* ContentView.swift */ = {isa = PBXFileReference; lastKnownFileType = sourcecode.swift; path = ContentView.swift; sourceTree = "<group>"; };
		B4BF3D80277A024E003285E6 /* Assets.xcassets */ = {isa = PBXFileReference; lastKnownFileType = folder.assetcatalog; path = Assets.xcassets; sourceTree = "<group>"; };
		B4BF3D83277A024E003285E6 /* Preview Assets.xcassets */ = {isa = PBXFileReference; lastKnownFileType = folder.assetcatalog; path = "Preview Assets.xcassets"; sourceTree = "<group>"; };
		B4BF3D89277A024F003285E6 /* AlertPopupsUsingPackageTests.xctest */ = {isa = PBXFileReference; explicitFileType = wrapper.cfbundle; includeInIndex = 0; path = AlertPopupsUsingPackageTests.xctest; sourceTree = BUILT_PRODUCTS_DIR; };
		B4BF3D8D277A024F003285E6 /* AlertPopupsUsingPackageTests.swift */ = {isa = PBXFileReference; lastKnownFileType = sourcecode.swift; path = AlertPopupsUsingPackageTests.swift; sourceTree = "<group>"; };
		B4BF3D93277A024F003285E6 /* AlertPopupsUsingPackageUITests.xctest */ = {isa = PBXFileReference; explicitFileType = wrapper.cfbundle; includeInIndex = 0; path = AlertPopupsUsingPackageUITests.xctest; sourceTree = BUILT_PRODUCTS_DIR; };
		B4BF3D97277A024F003285E6 /* AlertPopupsUsingPackageUITests.swift */ = {isa = PBXFileReference; lastKnownFileType = sourcecode.swift; path = AlertPopupsUsingPackageUITests.swift; sourceTree = "<group>"; };
		B4BF3D99277A024F003285E6 /* AlertPopupsUsingPackageUITestsLaunchTests.swift */ = {isa = PBXFileReference; lastKnownFileType = sourcecode.swift; path = AlertPopupsUsingPackageUITestsLaunchTests.swift; sourceTree = "<group>"; };
/* End PBXFileReference section */

/* Begin PBXFrameworksBuildPhase section */
		B4BF3D76277A024D003285E6 /* Frameworks */ = {
			isa = PBXFrameworksBuildPhase;
			buildActionMask = 2147483647;
			files = (
			);
			runOnlyForDeploymentPostprocessing = 0;
		};
		B4BF3D86277A024F003285E6 /* Frameworks */ = {
			isa = PBXFrameworksBuildPhase;
			buildActionMask = 2147483647;
			files = (
			);
			runOnlyForDeploymentPostprocessing = 0;
		};
		B4BF3D90277A024F003285E6 /* Frameworks */ = {
			isa = PBXFrameworksBuildPhase;
			buildActionMask = 2147483647;
			files = (
			);
			runOnlyForDeploymentPostprocessing = 0;
		};
/* End PBXFrameworksBuildPhase section */

/* Begin PBXGroup section */
		B4BF3D70277A024C003285E6 = {
			isa = PBXGroup;
			children = (
				B4BF3D7B277A024D003285E6 /* AlertPopupsUsingPackage */,
				B4BF3D8C277A024F003285E6 /* AlertPopupsUsingPackageTests */,
				B4BF3D96277A024F003285E6 /* AlertPopupsUsingPackageUITests */,
				B4BF3D7A277A024D003285E6 /* Products */,
			);
			sourceTree = "<group>";
		};
		B4BF3D7A277A024D003285E6 /* Products */ = {
			isa = PBXGroup;
			children = (
				B4BF3D79277A024D003285E6 /* AlertPopupsUsingPackage.app */,
				B4BF3D89277A024F003285E6 /* AlertPopupsUsingPackageTests.xctest */,
				B4BF3D93277A024F003285E6 /* AlertPopupsUsingPackageUITests.xctest */,
			);
			name = Products;
			sourceTree = "<group>";
		};
		B4BF3D7B277A024D003285E6 /* AlertPopupsUsingPackage */ = {
			isa = PBXGroup;
			children = (
				B4BF3D7C277A024D003285E6 /* AlertPopupsUsingPackageApp.swift */,
				B4BF3D7E277A024D003285E6 /* ContentView.swift */,
				B4BF3D80277A024E003285E6 /* Assets.xcassets */,
				B4BF3D82277A024E003285E6 /* Preview Content */,
			);
			path = AlertPopupsUsingPackage;
			sourceTree = "<group>";
		};
		B4BF3D82277A024E003285E6 /* Preview Content */ = {
			isa = PBXGroup;
			children = (
				B4BF3D83277A024E003285E6 /* Preview Assets.xcassets */,
			);
			path = "Preview Content";
			sourceTree = "<group>";
		};
		B4BF3D8C277A024F003285E6 /* AlertPopupsUsingPackageTests */ = {
			isa = PBXGroup;
			children = (
				B4BF3D8D277A024F003285E6 /* AlertPopupsUsingPackageTests.swift */,
			);
			path = AlertPopupsUsingPackageTests;
			sourceTree = "<group>";
		};
		B4BF3D96277A024F003285E6 /* AlertPopupsUsingPackageUITests */ = {
			isa = PBXGroup;
			children = (
				B4BF3D97277A024F003285E6 /* AlertPopupsUsingPackageUITests.swift */,
				B4BF3D99277A024F003285E6 /* AlertPopupsUsingPackageUITestsLaunchTests.swift */,
			);
			path = AlertPopupsUsingPackageUITests;
			sourceTree = "<group>";
		};
/* End PBXGroup section */

/* Begin PBXNativeTarget section */
		B4BF3D78277A024D003285E6 /* AlertPopupsUsingPackage */ = {
			isa = PBXNativeTarget;
			buildConfigurationList = B4BF3D9D277A024F003285E6 /* Build configuration list for PBXNativeTarget "AlertPopupsUsingPackage" */;
			buildPhases = (
				B4BF3D75277A024D003285E6 /* Sources */,
				B4BF3D76277A024D003285E6 /* Frameworks */,
				B4BF3D77277A024D003285E6 /* Resources */,
			);
			buildRules = (
			);
			dependencies = (
			);
			name = AlertPopupsUsingPackage;
			productName = AlertPopupsUsingPackage;
			productReference = B4BF3D79277A024D003285E6 /* AlertPopupsUsingPackage.app */;
			productType = "com.apple.product-type.application";
		};
		B4BF3D88277A024F003285E6 /* AlertPopupsUsingPackageTests */ = {
			isa = PBXNativeTarget;
			buildConfigurationList = B4BF3DA0277A024F003285E6 /* Build configuration list for PBXNativeTarget "AlertPopupsUsingPackageTests" */;
			buildPhases = (
				B4BF3D85277A024F003285E6 /* Sources */,
				B4BF3D86277A024F003285E6 /* Frameworks */,
				B4BF3D87277A024F003285E6 /* Resources */,
			);
			buildRules = (
			);
			dependencies = (
				B4BF3D8B277A024F003285E6 /* PBXTargetDependency */,
			);
			name = AlertPopupsUsingPackageTests;
			productName = AlertPopupsUsingPackageTests;
			productReference = B4BF3D89277A024F003285E6 /* AlertPopupsUsingPackageTests.xctest */;
			productType = "com.apple.product-type.bundle.unit-test";
		};
		B4BF3D92277A024F003285E6 /* AlertPopupsUsingPackageUITests */ = {
			isa = PBXNativeTarget;
			buildConfigurationList = B4BF3DA3277A024F003285E6 /* Build configuration list for PBXNativeTarget "AlertPopupsUsingPackageUITests" */;
			buildPhases = (
				B4BF3D8F277A024F003285E6 /* Sources */,
				B4BF3D90277A024F003285E6 /* Frameworks */,
				B4BF3D91277A024F003285E6 /* Resources */,
			);
			buildRules = (
			);
			dependencies = (
				B4BF3D95277A024F003285E6 /* PBXTargetDependency */,
			);
			name = AlertPopupsUsingPackageUITests;
			productName = AlertPopupsUsingPackageUITests;
			productReference = B4BF3D93277A024F003285E6 /* AlertPopupsUsingPackageUITests.xctest */;
			productType = "com.apple.product-type.bundle.ui-testing";
		};
/* End PBXNativeTarget section */

/* Begin PBXProject section */
		B4BF3D71277A024D003285E6 /* Project object */ = {
			isa = PBXProject;
			attributes = {
				BuildIndependentTargetsInParallel = 1;
				LastSwiftUpdateCheck = 1310;
				LastUpgradeCheck = 1310;
				TargetAttributes = {
					B4BF3D78277A024D003285E6 = {
						CreatedOnToolsVersion = 13.1;
					};
					B4BF3D88277A024F003285E6 = {
						CreatedOnToolsVersion = 13.1;
						TestTargetID = B4BF3D78277A024D003285E6;
					};
					B4BF3D92277A024F003285E6 = {
						CreatedOnToolsVersion = 13.1;
						TestTargetID = B4BF3D78277A024D003285E6;
					};
				};
			};
			buildConfigurationList = B4BF3D74277A024D003285E6 /* Build configuration list for PBXProject "AlertPopupsUsingPackage" */;
			compatibilityVersion = "Xcode 13.0";
			developmentRegion = en;
			hasScannedForEncodings = 0;
			knownRegions = (
				en,
				Base,
			);
			mainGroup = B4BF3D70277A024C003285E6;
			productRefGroup = B4BF3D7A277A024D003285E6 /* Products */;
			projectDirPath = "";
			projectRoot = "";
			targets = (
				B4BF3D78277A024D003285E6 /* AlertPopupsUsingPackage */,
				B4BF3D88277A024F003285E6 /* AlertPopupsUsingPackageTests */,
				B4BF3D92277A024F003285E6 /* AlertPopupsUsingPackageUITests */,
			);
		};
/* End PBXProject section */

/* Begin PBXResourcesBuildPhase section */
		B4BF3D77277A024D003285E6 /* Resources */ = {
			isa = PBXResourcesBuildPhase;
			buildActionMask = 2147483647;
			files = (
				B4BF3D84277A024E003285E6 /* Preview Assets.xcassets in Resources */,
				B4BF3D81277A024E003285E6 /* Assets.xcassets in Resources */,
			);
			runOnlyForDeploymentPostprocessing = 0;
		};
		B4BF3D87277A024F003285E6 /* Resources */ = {
			isa = PBXResourcesBuildPhase;
			buildActionMask = 2147483647;
			files = (
			);
			runOnlyForDeploymentPostprocessing = 0;
		};
		B4BF3D91277A024F003285E6 /* Resources */ = {
			isa = PBXResourcesBuildPhase;
			buildActionMask = 2147483647;
			files = (
			);
			runOnlyForDeploymentPostprocessing = 0;
		};
/* End PBXResourcesBuildPhase section */

/* Begin PBXSourcesBuildPhase section */
		B4BF3D75277A024D003285E6 /* Sources */ = {
			isa = PBXSourcesBuildPhase;
			buildActionMask = 2147483647;
			files = (
				B4BF3D7F277A024D003285E6 /* ContentView.swift in Sources */,
				B4BF3D7D277A024D003285E6 /* AlertPopupsUsingPackageApp.swift in Sources */,
			);
			runOnlyForDeploymentPostprocessing = 0;
		};
		B4BF3D85277A024F003285E6 /* Sources */ = {
			isa = PBXSourcesBuildPhase;
			buildActionMask = 2147483647;
			files = (
				B4BF3D8E277A024F003285E6 /* AlertPopupsUsingPackageTests.swift in Sources */,
			);
			runOnlyForDeploymentPostprocessing = 0;
		};
		B4BF3D8F277A024F003285E6 /* Sources */ = {
			isa = PBXSourcesBuildPhase;
			buildActionMask = 2147483647;
			files = (
				B4BF3D9A277A024F003285E6 /* AlertPopupsUsingPackageUITestsLaunchTests.swift in Sources */,
				B4BF3D98277A024F003285E6 /* AlertPopupsUsingPackageUITests.swift in Sources */,
			);
			runOnlyForDeploymentPostprocessing = 0;
		};
/* End PBXSourcesBuildPhase section */

/* Begin PBXTargetDependency section */
		B4BF3D8B277A024F003285E6 /* PBXTargetDependency */ = {
			isa = PBXTargetDependency;
			target = B4BF3D78277A024D003285E6 /* AlertPopupsUsingPackage */;
			targetProxy = B4BF3D8A277A024F003285E6 /* PBXContainerItemProxy */;
		};
		B4BF3D95277A024F003285E6 /* PBXTargetDependency */ = {
			isa = PBXTargetDependency;
			target = B4BF3D78277A024D003285E6 /* AlertPopupsUsingPackage */;
			targetProxy = B4BF3D94277A024F003285E6 /* PBXContainerItemProxy */;
		};
/* End PBXTargetDependency section */

/* Begin XCBuildConfiguration section */
		B4BF3D9B277A024F003285E6 /* Debug */ = {
			isa = XCBuildConfiguration;
			buildSettings = {
				ALWAYS_SEARCH_USER_PATHS = NO;
				CLANG_ANALYZER_NONNULL = YES;
				CLANG_ANALYZER_NUMBER_OBJECT_CONVERSION = YES_AGGRESSIVE;
				CLANG_CXX_LANGUAGE_STANDARD = "gnu++17";
				CLANG_CXX_LIBRARY = "libc++";
				CLANG_ENABLE_MODULES = YES;
				CLANG_ENABLE_OBJC_ARC = YES;
				CLANG_ENABLE_OBJC_WEAK = YES;
				CLANG_WARN_BLOCK_CAPTURE_AUTORELEASING = YES;
				CLANG_WARN_BOOL_CONVERSION = YES;
				CLANG_WARN_COMMA = YES;
				CLANG_WARN_CONSTANT_CONVERSION = YES;
				CLANG_WARN_DEPRECATED_OBJC_IMPLEMENTATIONS = YES;
				CLANG_WARN_DIRECT_OBJC_ISA_USAGE = YES_ERROR;
				CLANG_WARN_DOCUMENTATION_COMMENTS = YES;
				CLANG_WARN_EMPTY_BODY = YES;
				CLANG_WARN_ENUM_CONVERSION = YES;
				CLANG_WARN_INFINITE_RECURSION = YES;
				CLANG_WARN_INT_CONVERSION = YES;
				CLANG_WARN_NON_LITERAL_NULL_CONVERSION = YES;
				CLANG_WARN_OBJC_IMPLICIT_RETAIN_SELF = YES;
				CLANG_WARN_OBJC_LITERAL_CONVERSION = YES;
				CLANG_WARN_OBJC_ROOT_CLASS = YES_ERROR;
				CLANG_WARN_QUOTED_INCLUDE_IN_FRAMEWORK_HEADER = YES;
				CLANG_WARN_RANGE_LOOP_ANALYSIS = YES;
				CLANG_WARN_STRICT_PROTOTYPES = YES;
				CLANG_WARN_SUSPICIOUS_MOVE = YES;
				CLANG_WARN_UNGUARDED_AVAILABILITY = YES_AGGRESSIVE;
				CLANG_WARN_UNREACHABLE_CODE = YES;
				CLANG_WARN__DUPLICATE_METHOD_MATCH = YES;
				COPY_PHASE_STRIP = NO;
				DEBUG_INFORMATION_FORMAT = dwarf;
				ENABLE_STRICT_OBJC_MSGSEND = YES;
				ENABLE_TESTABILITY = YES;
				GCC_C_LANGUAGE_STANDARD = gnu11;
				GCC_DYNAMIC_NO_PIC = NO;
				GCC_NO_COMMON_BLOCKS = YES;
				GCC_OPTIMIZATION_LEVEL = 0;
				GCC_PREPROCESSOR_DEFINITIONS = (
					"DEBUG=1",
					"$(inherited)",
				);
				GCC_WARN_64_TO_32_BIT_CONVERSION = YES;
				GCC_WARN_ABOUT_RETURN_TYPE = YES_ERROR;
				GCC_WARN_UNDECLARED_SELECTOR = YES;
				GCC_WARN_UNINITIALIZED_AUTOS = YES_AGGRESSIVE;
				GCC_WARN_UNUSED_FUNCTION = YES;
				GCC_WARN_UNUSED_VARIABLE = YES;
				IPHONEOS_DEPLOYMENT_TARGET = 15.0;
				MTL_ENABLE_DEBUG_INFO = INCLUDE_SOURCE;
				MTL_FAST_MATH = YES;
				ONLY_ACTIVE_ARCH = YES;
				SDKROOT = iphoneos;
				SWIFT_ACTIVE_COMPILATION_CONDITIONS = DEBUG;
				SWIFT_OPTIMIZATION_LEVEL = "-Onone";
			};
			name = Debug;
		};
		B4BF3D9C277A024F003285E6 /* Release */ = {
			isa = XCBuildConfiguration;
			buildSettings = {
				ALWAYS_SEARCH_USER_PATHS = NO;
				CLANG_ANALYZER_NONNULL = YES;
				CLANG_ANALYZER_NUMBER_OBJECT_CONVERSION = YES_AGGRESSIVE;
				CLANG_CXX_LANGUAGE_STANDARD = "gnu++17";
				CLANG_CXX_LIBRARY = "libc++";
				CLANG_ENABLE_MODULES = YES;
				CLANG_ENABLE_OBJC_ARC = YES;
				CLANG_ENABLE_OBJC_WEAK = YES;
				CLANG_WARN_BLOCK_CAPTURE_AUTORELEASING = YES;
				CLANG_WARN_BOOL_CONVERSION = YES;
				CLANG_WARN_COMMA = YES;
				CLANG_WARN_CONSTANT_CONVERSION = YES;
				CLANG_WARN_DEPRECATED_OBJC_IMPLEMENTATIONS = YES;
				CLANG_WARN_DIRECT_OBJC_ISA_USAGE = YES_ERROR;
				CLANG_WARN_DOCUMENTATION_COMMENTS = YES;
				CLANG_WARN_EMPTY_BODY = YES;
				CLANG_WARN_ENUM_CONVERSION = YES;
				CLANG_WARN_INFINITE_RECURSION = YES;
				CLANG_WARN_INT_CONVERSION = YES;
				CLANG_WARN_NON_LITERAL_NULL_CONVERSION = YES;
				CLANG_WARN_OBJC_IMPLICIT_RETAIN_SELF = YES;
				CLANG_WARN_OBJC_LITERAL_CONVERSION = YES;
				CLANG_WARN_OBJC_ROOT_CLASS = YES_ERROR;
				CLANG_WARN_QUOTED_INCLUDE_IN_FRAMEWORK_HEADER = YES;
				CLANG_WARN_RANGE_LOOP_ANALYSIS = YES;
				CLANG_WARN_STRICT_PROTOTYPES = YES;
				CLANG_WARN_SUSPICIOUS_MOVE = YES;
				CLANG_WARN_UNGUARDED_AVAILABILITY = YES_AGGRESSIVE;
				CLANG_WARN_UNREACHABLE_CODE = YES;
				CLANG_WARN__DUPLICATE_METHOD_MATCH = YES;
				COPY_PHASE_STRIP = NO;
				DEBUG_INFORMATION_FORMAT = "dwarf-with-dsym";
				ENABLE_NS_ASSERTIONS = NO;
				ENABLE_STRICT_OBJC_MSGSEND = YES;
				GCC_C_LANGUAGE_STANDARD = gnu11;
				GCC_NO_COMMON_BLOCKS = YES;
				GCC_WARN_64_TO_32_BIT_CONVERSION = YES;
				GCC_WARN_ABOUT_RETURN_TYPE = YES_ERROR;
				GCC_WARN_UNDECLARED_SELECTOR = YES;
				GCC_WARN_UNINITIALIZED_AUTOS = YES_AGGRESSIVE;
				GCC_WARN_UNUSED_FUNCTION = YES;
				GCC_WARN_UNUSED_VARIABLE = YES;
				IPHONEOS_DEPLOYMENT_TARGET = 15.0;
				MTL_ENABLE_DEBUG_INFO = NO;
				MTL_FAST_MATH = YES;
				SDKROOT = iphoneos;
				SWIFT_COMPILATION_MODE = wholemodule;
				SWIFT_OPTIMIZATION_LEVEL = "-O";
				VALIDATE_PRODUCT = YES;
			};
			name = Release;
		};
		B4BF3D9E277A024F003285E6 /* Debug */ = {
			isa = XCBuildConfiguration;
			buildSettings = {
				ASSETCATALOG_COMPILER_APPICON_NAME = AppIcon;
				ASSETCATALOG_COMPILER_GLOBAL_ACCENT_COLOR_NAME = AccentColor;
				CODE_SIGN_STYLE = Automatic;
				CURRENT_PROJECT_VERSION = 1;
				DEVELOPMENT_ASSET_PATHS = "\"AlertPopupsUsingPackage/Preview Content\"";
				DEVELOPMENT_TEAM = PZK764WV5H;
				ENABLE_PREVIEWS = YES;
				GENERATE_INFOPLIST_FILE = YES;
				INFOPLIST_KEY_UIApplicationSceneManifest_Generation = YES;
				INFOPLIST_KEY_UIApplicationSupportsIndirectInputEvents = YES;
				INFOPLIST_KEY_UILaunchScreen_Generation = YES;
				INFOPLIST_KEY_UISupportedInterfaceOrientations_iPad = "UIInterfaceOrientationPortrait UIInterfaceOrientationPortraitUpsideDown UIInterfaceOrientationLandscapeLeft UIInterfaceOrientationLandscapeRight";
				INFOPLIST_KEY_UISupportedInterfaceOrientations_iPhone = "UIInterfaceOrientationPortrait UIInterfaceOrientationLandscapeLeft UIInterfaceOrientationLandscapeRight";
				LD_RUNPATH_SEARCH_PATHS = (
					"$(inherited)",
					"@executable_path/Frameworks",
				);
				MARKETING_VERSION = 1.0;
				PRODUCT_BUNDLE_IDENTIFIER = com.forestandthetrees.AlertPopupsUsingPackage;
				PRODUCT_NAME = "$(TARGET_NAME)";
				SWIFT_EMIT_LOC_STRINGS = YES;
				SWIFT_VERSION = 5.0;
				TARGETED_DEVICE_FAMILY = "1,2";
			};
			name = Debug;
		};
		B4BF3D9F277A024F003285E6 /* Release */ = {
			isa = XCBuildConfiguration;
			buildSettings = {
				ASSETCATALOG_COMPILER_APPICON_NAME = AppIcon;
				ASSETCATALOG_COMPILER_GLOBAL_ACCENT_COLOR_NAME = AccentColor;
				CODE_SIGN_STYLE = Automatic;
				CURRENT_PROJECT_VERSION = 1;
				DEVELOPMENT_ASSET_PATHS = "\"AlertPopupsUsingPackage/Preview Content\"";
				DEVELOPMENT_TEAM = PZK764WV5H;
				ENABLE_PREVIEWS = YES;
				GENERATE_INFOPLIST_FILE = YES;
				INFOPLIST_KEY_UIApplicationSceneManifest_Generation = YES;
				INFOPLIST_KEY_UIApplicationSupportsIndirectInputEvents = YES;
				INFOPLIST_KEY_UILaunchScreen_Generation = YES;
				INFOPLIST_KEY_UISupportedInterfaceOrientations_iPad = "UIInterfaceOrientationPortrait UIInterfaceOrientationPortraitUpsideDown UIInterfaceOrientationLandscapeLeft UIInterfaceOrientationLandscapeRight";
				INFOPLIST_KEY_UISupportedInterfaceOrientations_iPhone = "UIInterfaceOrientationPortrait UIInterfaceOrientationLandscapeLeft UIInterfaceOrientationLandscapeRight";
				LD_RUNPATH_SEARCH_PATHS = (
					"$(inherited)",
					"@executable_path/Frameworks",
				);
				MARKETING_VERSION = 1.0;
				PRODUCT_BUNDLE_IDENTIFIER = com.forestandthetrees.AlertPopupsUsingPackage;
				PRODUCT_NAME = "$(TARGET_NAME)";
				SWIFT_EMIT_LOC_STRINGS = YES;
				SWIFT_VERSION = 5.0;
				TARGETED_DEVICE_FAMILY = "1,2";
			};
			name = Release;
		};
		B4BF3DA1277A024F003285E6 /* Debug */ = {
			isa = XCBuildConfiguration;
			buildSettings = {
				ALWAYS_EMBED_SWIFT_STANDARD_LIBRARIES = YES;
				BUNDLE_LOADER = "$(TEST_HOST)";
				CODE_SIGN_STYLE = Automatic;
				CURRENT_PROJECT_VERSION = 1;
				DEVELOPMENT_TEAM = PZK764WV5H;
				GENERATE_INFOPLIST_FILE = YES;
				IPHONEOS_DEPLOYMENT_TARGET = 15.0;
				LD_RUNPATH_SEARCH_PATHS = (
					"$(inherited)",
					"@executable_path/Frameworks",
					"@loader_path/Frameworks",
				);
				MARKETING_VERSION = 1.0;
				PRODUCT_BUNDLE_IDENTIFIER = com.forestandthetrees.AlertPopupsUsingPackageTests;
				PRODUCT_NAME = "$(TARGET_NAME)";
				SWIFT_EMIT_LOC_STRINGS = NO;
				SWIFT_VERSION = 5.0;
				TARGETED_DEVICE_FAMILY = "1,2";
				TEST_HOST = "$(BUILT_PRODUCTS_DIR)/AlertPopupsUsingPackage.app/AlertPopupsUsingPackage";
			};
			name = Debug;
		};
		B4BF3DA2277A024F003285E6 /* Release */ = {
			isa = XCBuildConfiguration;
			buildSettings = {
				ALWAYS_EMBED_SWIFT_STANDARD_LIBRARIES = YES;
				BUNDLE_LOADER = "$(TEST_HOST)";
				CODE_SIGN_STYLE = Automatic;
				CURRENT_PROJECT_VERSION = 1;
				DEVELOPMENT_TEAM = PZK764WV5H;
				GENERATE_INFOPLIST_FILE = YES;
				IPHONEOS_DEPLOYMENT_TARGET = 15.0;
				LD_RUNPATH_SEARCH_PATHS = (
					"$(inherited)",
					"@executable_path/Frameworks",
					"@loader_path/Frameworks",
				);
				MARKETING_VERSION = 1.0;
				PRODUCT_BUNDLE_IDENTIFIER = com.forestandthetrees.AlertPopupsUsingPackageTests;
				PRODUCT_NAME = "$(TARGET_NAME)";
				SWIFT_EMIT_LOC_STRINGS = NO;
				SWIFT_VERSION = 5.0;
				TARGETED_DEVICE_FAMILY = "1,2";
				TEST_HOST = "$(BUILT_PRODUCTS_DIR)/AlertPopupsUsingPackage.app/AlertPopupsUsingPackage";
			};
			name = Release;
		};
		B4BF3DA4277A024F003285E6 /* Debug */ = {
			isa = XCBuildConfiguration;
			buildSettings = {
				ALWAYS_EMBED_SWIFT_STANDARD_LIBRARIES = YES;
				CODE_SIGN_STYLE = Automatic;
				CURRENT_PROJECT_VERSION = 1;
				DEVELOPMENT_TEAM = PZK764WV5H;
				GENERATE_INFOPLIST_FILE = YES;
				LD_RUNPATH_SEARCH_PATHS = (
					"$(inherited)",
					"@executable_path/Frameworks",
					"@loader_path/Frameworks",
				);
				MARKETING_VERSION = 1.0;
				PRODUCT_BUNDLE_IDENTIFIER = com.forestandthetrees.AlertPopupsUsingPackageUITests;
				PRODUCT_NAME = "$(TARGET_NAME)";
				SWIFT_EMIT_LOC_STRINGS = NO;
				SWIFT_VERSION = 5.0;
				TARGETED_DEVICE_FAMILY = "1,2";
				TEST_TARGET_NAME = AlertPopupsUsingPackage;
			};
			name = Debug;
		};
		B4BF3DA5277A024F003285E6 /* Release */ = {
			isa = XCBuildConfiguration;
			buildSettings = {
				ALWAYS_EMBED_SWIFT_STANDARD_LIBRARIES = YES;
				CODE_SIGN_STYLE = Automatic;
				CURRENT_PROJECT_VERSION = 1;
				DEVELOPMENT_TEAM = PZK764WV5H;
				GENERATE_INFOPLIST_FILE = YES;
				LD_RUNPATH_SEARCH_PATHS = (
					"$(inherited)",
					"@executable_path/Frameworks",
					"@loader_path/Frameworks",
				);
				MARKETING_VERSION = 1.0;
				PRODUCT_BUNDLE_IDENTIFIER = com.forestandthetrees.AlertPopupsUsingPackageUITests;
				PRODUCT_NAME = "$(TARGET_NAME)";
				SWIFT_EMIT_LOC_STRINGS = NO;
				SWIFT_VERSION = 5.0;
				TARGETED_DEVICE_FAMILY = "1,2";
				TEST_TARGET_NAME = AlertPopupsUsingPackage;
			};
			name = Release;
		};
/* End XCBuildConfiguration section */

/* Begin XCConfigurationList section */
		B4BF3D74277A024D003285E6 /* Build configuration list for PBXProject "AlertPopupsUsingPackage" */ = {
			isa = XCConfigurationList;
			buildConfigurations = (
				B4BF3D9B277A024F003285E6 /* Debug */,
				B4BF3D9C277A024F003285E6 /* Release */,
			);
			defaultConfigurationIsVisible = 0;
			defaultConfigurationName = Release;
		};
		B4BF3D9D277A024F003285E6 /* Build configuration list for PBXNativeTarget "AlertPopupsUsingPackage" */ = {
			isa = XCConfigurationList;
			buildConfigurations = (
				B4BF3D9E277A024F003285E6 /* Debug */,
				B4BF3D9F277A024F003285E6 /* Release */,
			);
			defaultConfigurationIsVisible = 0;
			defaultConfigurationName = Release;
		};
		B4BF3DA0277A024F003285E6 /* Build configuration list for PBXNativeTarget "AlertPopupsUsingPackageTests" */ = {
			isa = XCConfigurationList;
			buildConfigurations = (
				B4BF3DA1277A024F003285E6 /* Debug */,
				B4BF3DA2277A024F003285E6 /* Release */,
			);
			defaultConfigurationIsVisible = 0;
			defaultConfigurationName = Release;
		};
		B4BF3DA3277A024F003285E6 /* Build configuration list for PBXNativeTarget "AlertPopupsUsingPackageUITests" */ = {
			isa = XCConfigurationList;
			buildConfigurations = (
				B4BF3DA4277A024F003285E6 /* Debug */,
				B4BF3DA5277A024F003285E6 /* Release */,
			);
			defaultConfigurationIsVisible = 0;
			defaultConfigurationName = Release;
		};
/* End XCConfigurationList section */
	};
	rootObject = B4BF3D71277A024D003285E6 /* Project object */;
}
